
Microsoft Visual Studio Solution File, Format Version 12.00
# Visual Studio 15
VisualStudioVersion = 15.0.26430.16
MinimumVisualStudioVersion = 10.0.40219.1
Project("{FAE04EC0-301F-11D3-BF4B-00C04F79EFBC}") = "PAG Manager", "PAG Manager\PAG Manager.csproj", "{5FA8259D-4F28-4927-8A99-2A0EB09C890F}"
EndProject
Global
	GlobalSection(SolutionConfigurationPlatforms) = preSolution
		Debug|Any CPU = Debug|Any CPU
		Release|Any CPU = Release|Any CPU
	EndGlobalSection
	GlobalSection(ProjectConfigurationPlatforms) = postSolution
		{5FA8259D-4F28-4927-8A99-2A0EB09C890F}.Debug|Any CPU.ActiveCfg = Debug|Any CPU
		{5FA8259D-4F28-4927-8A99-2A0EB09C890F}.Debug|Any CPU.Build.0 = Debug|Any CPU
		{5FA8259D-4F28-4927-8A99-2A0EB09C890F}.Release|Any CPU.ActiveCfg = Release|Any CPU
		{5FA8259D-4F28-4927-8A99-2A0EB09C890F}.Release|Any CPU.Build.0 = Release|Any CPU
	EndGlobalSection
	GlobalSection(SolutionProperties) = preSolution
		HideSolutionNode = FALSE
	EndGlobalSection
	GlobalSection(ExtensibilityGlobals) = postSolution
		SolutionGuid = {E0C89511-A28E-4A54-BF3B-EB2D1DBB1879}
	EndGlobalSection
EndGlobal
